
Microsoft Visual Studio Solution File, Format Version 12.00
# Visual Studio 15
VisualStudioVersion = 15.0.26430.6
MinimumVisualStudioVersion = 10.0.40219.1
Project("{FAE04EC0-301F-11D3-BF4B-00C04F79EFBC}") = "SMC_Client_Expanded", "SMC_Client_Expanded\SMC_Client_Expanded.csproj", "{68908875-75AB-4226-AE4A-7CEA7004FFCD}"
EndProject
Global
	GlobalSection(SolutionConfigurationPlatforms) = preSolution
		Debug|Any CPU = Debug|Any CPU
		Release|Any CPU = Release|Any CPU
	EndGlobalSection
	GlobalSection(ProjectConfigurationPlatforms) = postSolution
		{68908875-75AB-4226-AE4A-7CEA7004FFCD}.Debug|Any CPU.ActiveCfg = Debug|Any CPU
		{68908875-75AB-4226-AE4A-7CEA7004FFCD}.Debug|Any CPU.Build.0 = Debug|Any CPU
		{68908875-75AB-4226-AE4A-7CEA7004FFCD}.Release|Any CPU.ActiveCfg = Release|Any CPU
		{68908875-75AB-4226-AE4A-7CEA7004FFCD}.Release|Any CPU.Build.0 = Release|Any CPU
	EndGlobalSection
	GlobalSection(SolutionProperties) = preSolution
		HideSolutionNode = FALSE
	EndGlobalSection
EndGlobal
